
Microsoft Visual Studio Solution File, Format Version 12.00
# Visual Studio Version 17
VisualStudioVersion = 17.8.34309.116
MinimumVisualStudioVersion = 10.0.40219.1
Project("{8BC9CEB8-8B4A-11D0-8D11-00A0C91BC942}") = "Executable", "Executable\Executable.vcxproj", "{3CF07E98-D7D6-44DD-988C-F85D610C2B9B}"
EndProject
Global
	GlobalSection(SolutionConfigurationPlatforms) = preSolution
		Debug|x64 = Debug|x64
		Debug|x86 = Debug|x86
		Release|x64 = Release|x64
		Release|x86 = Release|x86
	EndGlobalSection
	GlobalSection(ProjectConfigurationPlatforms) = postSolution
		{3CF07E98-D7D6-44DD-988C-F85D610C2B9B}.Debug|x64.ActiveCfg = Debug|x64
		{3CF07E98-D7D6-44DD-988C-F85D610C2B9B}.Debug|x64.Build.0 = Debug|x64
		{3CF07E98-D7D6-44DD-988C-F85D610C2B9B}.Debug|x86.ActiveCfg = Debug|Win32
		{3CF07E98-D7D6-44DD-988C-F85D610C2B9B}.Debug|x86.Build.0 = Debug|Win32
		{3CF07E98-D7D6-44DD-988C-F85D610C2B9B}.Release|x64.ActiveCfg = Release|x64
		{3CF07E98-D7D6-44DD-988C-F85D610C2B9B}.Release|x64.Build.0 = Release|x64
		{3CF07E98-D7D6-44DD-988C-F85D610C2B9B}.Release|x86.ActiveCfg = Release|Win32
		{3CF07E98-D7D6-44DD-988C-F85D610C2B9B}.Release|x86.Build.0 = Release|Win32
	EndGlobalSection
	GlobalSection(SolutionProperties) = preSolution
		HideSolutionNode = FALSE
	EndGlobalSection
	GlobalSection(ExtensibilityGlobals) = postSolution
		SolutionGuid = {59E4438E-8139-48B3-A44A-34435589C090}
	EndGlobalSection
EndGlobal
